dependencies:
- name: ingress-nginx
  repository: https://kubernetes.github.io/ingress-nginx
  version: 4.8.0
- name: cert-manager
  repository: https://charts.jetstack.io
  version: v1.13.1
- name: trust-manager
  repository: https://charts.jetstack.io
  version: v0.3.0
digest: sha256:4b2009e8571a27643726e390401117598d5f9e4fb20ae1686f59fdae46dc4633
generated: "2023-09-28T12:03:43.672946044Z"
