dependencies:
- name: ingress-nginx
  repository: https://kubernetes.github.io/ingress-nginx
  version: 4.8.0
- name: cert-manager
  repository: https://charts.jetstack.io
  version: v1.13.1
digest: sha256:2e4d47a7f1166aded0172b21fd2a03ba2e62c27a8b35b0c6d5a7fe02490c3743
generated: "2023-09-28T13:47:22.64738589Z"
