dependencies:
- name: prometheus
  repository: https://prometheus-community.github.io/helm-charts
  version: 25.0.0
- name: prometheus-adapter
  repository: https://prometheus-community.github.io/helm-charts
  version: 4.5.0
- name: loki
  repository: https://grafana.github.io/helm-charts
  version: 5.23.0
- name: promtail
  repository: https://grafana.github.io/helm-charts
  version: 6.15.2
- name: grafana
  repository: https://grafana.github.io/helm-charts
  version: 6.59.5
digest: sha256:efcac9d81aa278f4903e5734ed4479219199389a70fb1114ac990280e9b83ffd
generated: "2023-09-22T11:21:07.728028573Z"
