dependencies:
- name: prometheus
  repository: https://prometheus-community.github.io/helm-charts
  version: 25.0.0
- name: prometheus-adapter
  repository: https://prometheus-community.github.io/helm-charts
  version: 4.5.0
- name: loki-distributed
  repository: https://grafana.github.io/helm-charts
  version: 0.74.5
- name: promtail
  repository: https://grafana.github.io/helm-charts
  version: 6.15.2
- name: grafana
  repository: https://grafana.github.io/helm-charts
  version: 6.59.5
digest: sha256:5d7ae33592e353438b9420e16537724dd238324ccbf0ce4e754b8705a3e436b5
generated: "2023-09-22T11:56:26.631981895Z"
